# generated by rye
# use `rye lock` or `rye sync` to update this lockfile
#
# last locked with the following flags:
#   pre: false
#   features: []
#   all-features: false
#   with-sources: false
#   generate-hashes: false

-e file:.
aiohttp==3.9.5
    # via h24s-17-raspi
aiosignal==1.3.1
    # via aiohttp
attrs==23.2.0
    # via aiohttp
av==12.1.0
    # via picamera2
frozenlist==1.4.1
    # via aiohttp
    # via aiosignal
idna==3.7
    # via yarl
multidict==6.0.5
    # via aiohttp
    # via yarl
numpy==1.26.4
    # via picamera2
    # via pidng
    # via simplejpeg
picamera2==0.3.18
    # via h24s-17-raspi
pidng==4.0.9
    # via picamera2
piexif==1.1.3
    # via picamera2
pillow==10.3.0
    # via h24s-17-raspi
    # via picamera2
python-prctl==1.8.1
    # via picamera2
simplejpeg==1.7.2
    # via picamera2
v4l2-python3==0.3.4
    # via picamera2
yarl==1.9.4
    # via aiohttp
